
Microsoft Visual Studio Solution File, Format Version 12.00
# Visual Studio Version 17
VisualStudioVersion = 17.0.32014.148
MinimumVisualStudioVersion = 10.0.40219.1
Project("{6EC3EE1D-3C4E-46DD-8F32-0CC8E7565705}") = "MiniBlog", "MiniBlog.fsproj", "{984F2A71-A295-4338-AA17-FBB1A1137AD2}"
EndProject
Global
	GlobalSection(SolutionConfigurationPlatforms) = preSolution
		Debug|Any CPU = Debug|Any CPU
		Release|Any CPU = Release|Any CPU
	EndGlobalSection
	GlobalSection(ProjectConfigurationPlatforms) = postSolution
		{984F2A71-A295-4338-AA17-FBB1A1137AD2}.Debug|Any CPU.ActiveCfg = Debug|Any CPU
		{984F2A71-A295-4338-AA17-FBB1A1137AD2}.Debug|Any CPU.Build.0 = Debug|Any CPU
		{984F2A71-A295-4338-AA17-FBB1A1137AD2}.Release|Any CPU.ActiveCfg = Release|Any CPU
		{984F2A71-A295-4338-AA17-FBB1A1137AD2}.Release|Any CPU.Build.0 = Release|Any CPU
	EndGlobalSection
	GlobalSection(SolutionProperties) = preSolution
		HideSolutionNode = FALSE
	EndGlobalSection
	GlobalSection(ExtensibilityGlobals) = postSolution
		SolutionGuid = {E2D88C6C-AD8D-4FC3-A3EF-7867DF3EC742}
	EndGlobalSection
EndGlobal
